
Microsoft Visual Studio Solution File, Format Version 12.00
# Visual Studio Version 17
VisualStudioVersion = 17.8.34408.163
MinimumVisualStudioVersion = 10.0.40219.1
Project("{FAE04EC0-301F-11D3-BF4B-00C04F79EFBC}") = "3", "3\3.csproj", "{9A0605A6-29CD-42C6-9B7A-A5509F7F9EBC}"
EndProject
Global
	GlobalSection(SolutionConfigurationPlatforms) = preSolution
		Debug|Any CPU = Debug|Any CPU
		Release|Any CPU = Release|Any CPU
	EndGlobalSection
	GlobalSection(ProjectConfigurationPlatforms) = postSolution
		{9A0605A6-29CD-42C6-9B7A-A5509F7F9EBC}.Debug|Any CPU.ActiveCfg = Debug|Any CPU
		{9A0605A6-29CD-42C6-9B7A-A5509F7F9EBC}.Debug|Any CPU.Build.0 = Debug|Any CPU
		{9A0605A6-29CD-42C6-9B7A-A5509F7F9EBC}.Release|Any CPU.ActiveCfg = Release|Any CPU
		{9A0605A6-29CD-42C6-9B7A-A5509F7F9EBC}.Release|Any CPU.Build.0 = Release|Any CPU
	EndGlobalSection
	GlobalSection(SolutionProperties) = preSolution
		HideSolutionNode = FALSE
	EndGlobalSection
	GlobalSection(ExtensibilityGlobals) = postSolution
		SolutionGuid = {04A3BBB6-F5C4-4870-B87D-F8D0561E72D9}
	EndGlobalSection
EndGlobal
